{
  "version": 4,
  "terraform_version": "1.2.8",
  "serial": 1,
  "lineage": "bbbc58fc-6e76-53a9-d7c9-844384120a4f",
  "outputs": {},
  "resources": [
    {
      "mode": "managed",
      "type": "aws_vpc",
      "name": "kubernetes-cluster",
      "provider": "provider[\"registry.terraform.io/hashicorp/aws\"]",
      "instances": [
        {
          "schema_version": 1,
          "attributes": {
            "arn": "arn:aws:ec2:us-east-1:946010642720:vpc/vpc-06d0f993da90f48e5",
            "assign_generated_ipv6_cidr_block": false,
            "cidr_block": "10.0.0.0/16",
            "default_network_acl_id": "acl-03d29f8d05798891e",
            "default_route_table_id": "rtb-0df63fc3cb9119b96",
            "default_security_group_id": "sg-04fb845e3ab3fa884",
            "dhcp_options_id": "dopt-3ca6be46",
            "enable_classiclink": false,
            "enable_classiclink_dns_support": false,
            "enable_dns_hostnames": false,
            "enable_dns_support": true,
            "enable_network_address_usage_metrics": false,
            "id": "vpc-06d0f993da90f48e5",
            "instance_tenancy": "default",
            "ipv4_ipam_pool_id": null,
            "ipv4_netmask_length": null,
            "ipv6_association_id": "",
            "ipv6_cidr_block": "",
            "ipv6_cidr_block_network_border_group": "",
            "ipv6_ipam_pool_id": "",
            "ipv6_netmask_length": 0,
            "main_route_table_id": "rtb-0df63fc3cb9119b96",
            "owner_id": "946010642720",
            "tags": {
              "Name": "kubernetes-vpc"
            },
            "tags_all": {
              "Name": "kubernetes-vpc"
            }
          },
          "sensitive_attributes": [],
          "private": "eyJzY2hlbWFfdmVyc2lvbiI6IjEifQ=="
        }
      ]
    }
  ]
}
